<?xml version="1.0" encoding="utf-8"?>
<Project ToolsVersion="4.0" xmlns="http://schemas.microsoft.com/developer/msbuild/2003">
  <ItemGroup>
    <Filter Include="Resource Files">
      <UniqueIdentifier>{67DA6AB6-F800-4c08-8B7A-83BB121AAD01}</UniqueIdentifier>
      <Extensions>rc;ico;cur;bmp;dlg;rc2;rct;bin;rgs;gif;jpg;jpeg;jpe;resx;tiff;tif;png;wav;mfcribbon-ms</Extensions>
    </Filter>
    <Filter Include="tinyobj">
      <UniqueIdentifier>{1a32c216-094c-4ced-9edb-a6e44c91a8e4}</UniqueIdentifier>
    </Filter>
    <Filter Include="shaders">
      <UniqueIdentifier>{e95164eb-c675-4c60-afbb-e7386a427c9b}</UniqueIdentifier>
    </Filter>
    <Filter Include="shaders\fsquad">
      <UniqueIdentifier>{3e1054ed-a5aa-40ec-934f-b1dc1868ecaa}</UniqueIdentifier>
    </Filter>
    <Filter Include="shaders\ssao">
      <UniqueIdentifier>{a0ee73bd-e212-4d7c-b7ea-6ab324cf56f5}</UniqueIdentifier>
    </Filter>
    <Filter Include="shaders\gbuffer">
      <UniqueIdentifier>{6c7ad6e3-3b2b-4358-8f67-40a0d73fadf5}</UniqueIdentifier>
    </Filter>
    <Filter Include="shaders\blur">
      <UniqueIdentifier>{987cbef0-1235-4eb8-b13e-189b6d7ce2b5}</UniqueIdentifier>
    </Filter>
    <Filter Include="src">
      <UniqueIdentifier>{746c42fa-fe6e-4b40-91af-663bf90b30ae}</UniqueIdentifier>
    </Filter>
    <Filter Include="src\Lighting">
      <UniqueIdentifier>{028550e7-1bc1-4acc-b517-dcfc308f9418}</UniqueIdentifier>
    </Filter>
    <Filter Include="src\Materials">
      <UniqueIdentifier>{fba6576a-21fc-4d41-887a-809a649f9ca3}</UniqueIdentifier>
    </Filter>
    <Filter Include="src\Mesh">
      <UniqueIdentifier>{71632cb6-b673-4623-aff3-f6b7c5c9e700}</UniqueIdentifier>
    </Filter>
    <Filter Include="src\Octree">
      <UniqueIdentifier>{2c16a48a-e0df-4cbe-a05a-2aec43bdd7eb}</UniqueIdentifier>
    </Filter>
    <Filter Include="src\Scene">
      <UniqueIdentifier>{6089f568-abfa-4a6f-9285-590dbcbf1a32}</UniqueIdentifier>
    </Filter>
    <Filter Include="src\SceneObjects">
      <UniqueIdentifier>{397e1aff-0b37-46bc-902d-16825d0d7dd0}</UniqueIdentifier>
    </Filter>
    <Filter Include="src\Shader">
      <UniqueIdentifier>{057a38ba-275a-4d48-9787-fbe7e153a2d9}</UniqueIdentifier>
    </Filter>
    <Filter Include="shaders\lighting">
      <UniqueIdentifier>{b4cc671f-4630-4d6f-b1cd-55d6aa055e63}</UniqueIdentifier>
    </Filter>
    <Filter Include="shaders\stencil">
      <UniqueIdentifier>{272437f8-8008-4cdd-adaa-6acd236f30d3}</UniqueIdentifier>
    </Filter>
    <Filter Include="shaders\shadow">
      <UniqueIdentifier>{94a7df28-72da-4238-b7d2-84f5f41cecda}</UniqueIdentifier>
    </Filter>
    <Filter Include="shaders\skybox">
      <UniqueIdentifier>{beab3113-4de1-4423-a482-a87d4247c9c5}</UniqueIdentifier>
    </Filter>
  </ItemGroup>
  <ItemGroup>
    <ClCompile Include="Mesh.cpp">
      <Filter>src\Mesh</Filter>
    </ClCompile>
    <ClCompile Include="Octree.cpp">
      <Filter>src\Octree</Filter>
    </ClCompile>
    <ClCompile Include="OctreeNode.cpp">
      <Filter>src\Octree</Filter>
    </ClCompile>
    <ClCompile Include="AABB.cpp">
      <Filter>src\SceneObjects</Filter>
    </ClCompile>
    <ClCompile Include="SceneObject.cpp">
      <Filter>src\SceneObjects</Filter>
    </ClCompile>
    <ClCompile Include="Shader.cpp">
      <Filter>src\Shader</Filter>
    </ClCompile>
    <ClCompile Include="VBO.cpp">
      <Filter>src\Shader</Filter>
    </ClCompile>
    <ClCompile Include="tiny_obj_loader.cc">
      <Filter>tinyobj</Filter>
    </ClCompile>
    <ClCompile Include="GBuffer.cpp">
      <Filter>src\Shader</Filter>
    </ClCompile>
    <ClCompile Include="Scene.cpp">
      <Filter>src\Scene</Filter>
    </ClCompile>
    <ClCompile Include="FullscreenQuad.cpp">
      <Filter>src\Shader</Filter>
    </ClCompile>
    <ClCompile Include="main.cpp">
      <Filter>src</Filter>
    </ClCompile>
    <ClCompile Include="PointLight.h">
      <Filter>src\Lighting</Filter>
    </ClCompile>
    <ClCompile Include="ShadowMap.cpp">
      <Filter>src\Lighting</Filter>
    </ClCompile>
    <ClCompile Include="PointLightShadowMap.cpp">
      <Filter>src\Lighting</Filter>
    </ClCompile>
  </ItemGroup>
  <ItemGroup>
    <ClInclude Include="tiny_obj_loader.h">
      <Filter>tinyobj</Filter>
    </ClInclude>
    <ClInclude Include="Camera.hpp">
      <Filter>src\Scene</Filter>
    </ClInclude>
    <ClInclude Include="FullscreenQuad.h">
      <Filter>src\Shader</Filter>
    </ClInclude>
    <ClInclude Include="GBuffer.h">
      <Filter>src\Shader</Filter>
    </ClInclude>
    <ClInclude Include="Shader.h">
      <Filter>src\Shader</Filter>
    </ClInclude>
    <ClInclude Include="VBO.h">
      <Filter>src\Shader</Filter>
    </ClInclude>
    <ClInclude Include="common.h">
      <Filter>src</Filter>
    </ClInclude>
    <ClInclude Include="AABB.h">
      <Filter>src\SceneObjects</Filter>
    </ClInclude>
    <ClInclude Include="SceneObject.h">
      <Filter>src\SceneObjects</Filter>
    </ClInclude>
    <ClInclude Include="Scene.h">
      <Filter>src\Scene</Filter>
    </ClInclude>
    <ClInclude Include="Mesh.h">
      <Filter>src\Mesh</Filter>
    </ClInclude>
    <ClInclude Include="Octree.h">
      <Filter>src\Octree</Filter>
    </ClInclude>
    <ClInclude Include="OctreeNode.h">
      <Filter>src\Octree</Filter>
    </ClInclude>
    <ClInclude Include="MeshHelper.h">
      <Filter>src\Lighting</Filter>
    </ClInclude>
    <ClInclude Include="ShadowMap.h">
      <Filter>src\Lighting</Filter>
    </ClInclude>
    <ClInclude Include="PointLightShadowMap.h">
      <Filter>src\Lighting</Filter>
    </ClInclude>
  </ItemGroup>
  <ItemGroup>
    <None Include="gbuffer.frag">
      <Filter>shaders\gbuffer</Filter>
    </None>
    <None Include="gbuffer.vert">
      <Filter>shaders\gbuffer</Filter>
    </None>
    <None Include="ssao.frag">
      <Filter>shaders\ssao</Filter>
    </None>
    <None Include="ssao.vert">
      <Filter>shaders\ssao</Filter>
    </None>
    <None Include="blur.vert">
      <Filter>shaders\blur</Filter>
    </None>
    <None Include="blur.frag">
      <Filter>shaders\blur</Filter>
    </None>
    <None Include="ubershader.frag">
      <Filter>shaders\fsquad</Filter>
    </None>
    <None Include="ubershader.vert">
      <Filter>shaders\fsquad</Filter>
    </None>
    <None Include="light.vert">
      <Filter>shaders\lighting</Filter>
    </None>
    <None Include="light.frag">
      <Filter>shaders\lighting</Filter>
    </None>
    <None Include="empty.frag">
      <Filter>shaders\stencil</Filter>
    </None>
    <None Include="shadow.vert">
      <Filter>shaders\shadow</Filter>
    </None>
    <None Include="plShadow.frag">
      <Filter>shaders\shadow</Filter>
    </None>
    <None Include="skybox.vert">
      <Filter>shaders\skybox</Filter>
    </None>
    <None Include="skybox.frag">
      <Filter>shaders\skybox</Filter>
    </None>
    <None Include="plShadow.vert">
      <Filter>shaders\shadow</Filter>
    </None>
  </ItemGroup>
</Project>